// !$*UTF8*$!
{
	archiveVersion = 1;
	classes = {
	};
	objectVersion = 56;
	objects = {

/* Begin PBXBuildFile section */
		AC5D304729FACFB300FFAFC1 /* books.json in Resources */ = {isa = PBXBuildFile; fileRef = AC5D304629FACFB300FFAFC1 /* books.json */; };
		AC5D304929FAD03A00FFAFC1 /* HomeScreenViewController.swift in Sources */ = {isa = PBXBuildFile; fileRef = AC5D304829FAD03A00FFAFC1 /* HomeScreenViewController.swift */; };
		ACC3A94029F6F585001A0343 /* AppDelegate.swift in Sources */ = {isa = PBXBuildFile; fileRef = ACC3A93F29F6F585001A0343 /* AppDelegate.swift */; };
		ACC3A94229F6F585001A0343 /* SceneDelegate.swift in Sources */ = {isa = PBXBuildFile; fileRef = ACC3A94129F6F585001A0343 /* SceneDelegate.swift */; };
		ACC3A94429F6F585001A0343 /* LoginViewController.swift in Sources */ = {isa = PBXBuildFile; fileRef = ACC3A94329F6F585001A0343 /* LoginViewController.swift */; };
		ACC3A94729F6F585001A0343 /* Main.storyboard in Resources */ = {isa = PBXBuildFile; fileRef = ACC3A94529F6F585001A0343 /* Main.storyboard */; };
		ACC3A94929F6F586001A0343 /* Assets.xcassets in Resources */ = {isa = PBXBuildFile; fileRef = ACC3A94829F6F586001A0343 /* Assets.xcassets */; };
		ACC3A94C29F6F586001A0343 /* LaunchScreen.storyboard in Resources */ = {isa = PBXBuildFile; fileRef = ACC3A94A29F6F586001A0343 /* LaunchScreen.storyboard */; };
		ACC3A95729F6F586001A0343 /* Book_WatchTests.swift in Sources */ = {isa = PBXBuildFile; fileRef = ACC3A95629F6F586001A0343 /* Book_WatchTests.swift */; };
		ACC3A96129F6F586001A0343 /* Book_WatchUITests.swift in Sources */ = {isa = PBXBuildFile; fileRef = ACC3A96029F6F586001A0343 /* Book_WatchUITests.swift */; };
		ACC3A96329F6F586001A0343 /* Book_WatchUITestsLaunchTests.swift in Sources */ = {isa = PBXBuildFile; fileRef = ACC3A96229F6F586001A0343 /* Book_WatchUITestsLaunchTests.swift */; };
		ACE0C9AC29F836AA0090E7D2 /* SignUpViewController.swift in Sources */ = {isa = PBXBuildFile; fileRef = ACE0C9AB29F836AA0090E7D2 /* SignUpViewController.swift */; };
		ACE0C9AE29F83B1B0090E7D2 /* GoogleService-Info.plist in Resources */ = {isa = PBXBuildFile; fileRef = ACE0C9AD29F83B1B0090E7D2 /* GoogleService-Info.plist */; };
		ACE0C9AF29F83B1B0090E7D2 /* GoogleService-Info.plist in Resources */ = {isa = PBXBuildFile; fileRef = ACE0C9AD29F83B1B0090E7D2 /* GoogleService-Info.plist */; };
		ACE0C9B029F83B1B0090E7D2 /* GoogleService-Info.plist in Resources */ = {isa = PBXBuildFile; fileRef = ACE0C9AD29F83B1B0090E7D2 /* GoogleService-Info.plist */; };
		ACE0C9B329F83C530090E7D2 /* FirebaseAuth in Frameworks */ = {isa = PBXBuildFile; productRef = ACE0C9B229F83C530090E7D2 /* FirebaseAuth */; };
		ACE0C9B529F83C530090E7D2 /* FirebaseAuthCombine-Community in Frameworks */ = {isa = PBXBuildFile; productRef = ACE0C9B429F83C530090E7D2 /* FirebaseAuthCombine-Community */; };
		ACE0C9B729F83C530090E7D2 /* FirebaseDatabase in Frameworks */ = {isa = PBXBuildFile; productRef = ACE0C9B629F83C530090E7D2 /* FirebaseDatabase */; };
		ACE0C9B929F83C530090E7D2 /* FirebaseDatabaseSwift in Frameworks */ = {isa = PBXBuildFile; productRef = ACE0C9B829F83C530090E7D2 /* FirebaseDatabaseSwift */; };
		ACE0C9BB29F83C530090E7D2 /* FirebaseStorage in Frameworks */ = {isa = PBXBuildFile; productRef = ACE0C9BA29F83C530090E7D2 /* FirebaseStorage */; };
		ACE0C9BD29F83C530090E7D2 /* FirebaseStorageCombine-Community in Frameworks */ = {isa = PBXBuildFile; productRef = ACE0C9BC29F83C530090E7D2 /* FirebaseStorageCombine-Community */; };
		ACF94AC429FC1D9600E6674A /* BookTableViewCell.swift in Sources */ = {isa = PBXBuildFile; fileRef = ACF94AC329FC1D9600E6674A /* BookTableViewCell.swift */; };
		ACF94AC629FC2CA200E6674A /* BookData.swift in Sources */ = {isa = PBXBuildFile; fileRef = ACF94AC529FC2CA200E6674A /* BookData.swift */; };
/* End PBXBuildFile section */

/* Begin PBXContainerItemProxy section */
		ACC3A95329F6F586001A0343 /* PBXContainerItemProxy */ = {
			isa = PBXContainerItemProxy;
			containerPortal = ACC3A93429F6F585001A0343 /* Project object */;
			proxyType = 1;
			remoteGlobalIDString = ACC3A93B29F6F585001A0343;
			remoteInfo = "Book Watch";
		};
		ACC3A95D29F6F586001A0343 /* PBXContainerItemProxy */ = {
			isa = PBXContainerItemProxy;
			containerPortal = ACC3A93429F6F585001A0343 /* Project object */;
			proxyType = 1;
			remoteGlobalIDString = ACC3A93B29F6F585001A0343;
			remoteInfo = "Book Watch";
		};
/* End PBXContainerItemProxy section */

/* Begin PBXFileReference section */
		AC5D304629FACFB300FFAFC1 /* books.json */ = {isa = PBXFileReference; fileEncoding = 4; lastKnownFileType = text.json; path = books.json; sourceTree = "<group>"; };
		AC5D304829FAD03A00FFAFC1 /* HomeScreenViewController.swift */ = {isa = PBXFileReference; lastKnownFileType = sourcecode.swift; path = HomeScreenViewController.swift; sourceTree = "<group>"; };
		ACC3A93C29F6F585001A0343 /* Book Watch.app */ = {isa = PBXFileReference; explicitFileType = wrapper.application; includeInIndex = 0; path = "Book Watch.app"; sourceTree = BUILT_PRODUCTS_DIR; };
		ACC3A93F29F6F585001A0343 /* AppDelegate.swift */ = {isa = PBXFileReference; lastKnownFileType = sourcecode.swift; path = AppDelegate.swift; sourceTree = "<group>"; };
		ACC3A94129F6F585001A0343 /* SceneDelegate.swift */ = {isa = PBXFileReference; lastKnownFileType = sourcecode.swift; path = SceneDelegate.swift; sourceTree = "<group>"; };
		ACC3A94329F6F585001A0343 /* LoginViewController.swift */ = {isa = PBXFileReference; lastKnownFileType = sourcecode.swift; path = LoginViewController.swift; sourceTree = "<group>"; };
		ACC3A94629F6F585001A0343 /* Base */ = {isa = PBXFileReference; lastKnownFileType = file.storyboard; name = Base; path = Base.lproj/Main.storyboard; sourceTree = "<group>"; };
		ACC3A94829F6F586001A0343 /* Assets.xcassets */ = {isa = PBXFileReference; lastKnownFileType = folder.assetcatalog; path = Assets.xcassets; sourceTree = "<group>"; };
		ACC3A94B29F6F586001A0343 /* Base */ = {isa = PBXFileReference; lastKnownFileType = file.storyboard; name = Base; path = Base.lproj/LaunchScreen.storyboard; sourceTree = "<group>"; };
		ACC3A94D29F6F586001A0343 /* Info.plist */ = {isa = PBXFileReference; lastKnownFileType = text.plist.xml; path = Info.plist; sourceTree = "<group>"; };
		ACC3A95229F6F586001A0343 /* Book WatchTests.xctest */ = {isa = PBXFileReference; explicitFileType = wrapper.cfbundle; includeInIndex = 0; path = "Book WatchTests.xctest"; sourceTree = BUILT_PRODUCTS_DIR; };
		ACC3A95629F6F586001A0343 /* Book_WatchTests.swift */ = {isa = PBXFileReference; lastKnownFileType = sourcecode.swift; path = Book_WatchTests.swift; sourceTree = "<group>"; };
		ACC3A95C29F6F586001A0343 /* Book WatchUITests.xctest */ = {isa = PBXFileReference; explicitFileType = wrapper.cfbundle; includeInIndex = 0; path = "Book WatchUITests.xctest"; sourceTree = BUILT_PRODUCTS_DIR; };
		ACC3A96029F6F586001A0343 /* Book_WatchUITests.swift */ = {isa = PBXFileReference; lastKnownFileType = sourcecode.swift; path = Book_WatchUITests.swift; sourceTree = "<group>"; };
		ACC3A96229F6F586001A0343 /* Book_WatchUITestsLaunchTests.swift */ = {isa = PBXFileReference; lastKnownFileType = sourcecode.swift; path = Book_WatchUITestsLaunchTests.swift; sourceTree = "<group>"; };
		ACE0C9AB29F836AA0090E7D2 /* SignUpViewController.swift */ = {isa = PBXFileReference; lastKnownFileType = sourcecode.swift; path = SignUpViewController.swift; sourceTree = "<group>"; };
		ACE0C9AD29F83B1B0090E7D2 /* GoogleService-Info.plist */ = {isa = PBXFileReference; fileEncoding = 4; lastKnownFileType = text.plist.xml; path = "GoogleService-Info.plist"; sourceTree = "<group>"; };
		ACF94AC329FC1D9600E6674A /* BookTableViewCell.swift */ = {isa = PBXFileReference; lastKnownFileType = sourcecode.swift; path = BookTableViewCell.swift; sourceTree = "<group>"; };
		ACF94AC529FC2CA200E6674A /* BookData.swift */ = {isa = PBXFileReference; lastKnownFileType = sourcecode.swift; path = BookData.swift; sourceTree = "<group>"; };
/* End PBXFileReference section */

/* Begin PBXFrameworksBuildPhase section */
		ACC3A93929F6F585001A0343 /* Frameworks */ = {
			isa = PBXFrameworksBuildPhase;
			buildActionMask = 2147483647;
			files = (
				ACE0C9B929F83C530090E7D2 /* FirebaseDatabaseSwift in Frameworks */,
				ACE0C9B729F83C530090E7D2 /* FirebaseDatabase in Frameworks */,
				ACE0C9B329F83C530090E7D2 /* FirebaseAuth in Frameworks */,
				ACE0C9BB29F83C530090E7D2 /* FirebaseStorage in Frameworks */,
				ACE0C9BD29F83C530090E7D2 /* FirebaseStorageCombine-Community in Frameworks */,
				ACE0C9B529F83C530090E7D2 /* FirebaseAuthCombine-Community in Frameworks */,
			);
			runOnlyForDeploymentPostprocessing = 0;
		};
		ACC3A94F29F6F586001A0343 /* Frameworks */ = {
			isa = PBXFrameworksBuildPhase;
			buildActionMask = 2147483647;
			files = (
			);
			runOnlyForDeploymentPostprocessing = 0;
		};
		ACC3A95929F6F586001A0343 /* Frameworks */ = {
			isa = PBXFrameworksBuildPhase;
			buildActionMask = 2147483647;
			files = (
			);
			runOnlyForDeploymentPostprocessing = 0;
		};
/* End PBXFrameworksBuildPhase section */

/* Begin PBXGroup section */
		ACC3A93329F6F585001A0343 = {
			isa = PBXGroup;
			children = (
				ACC3A93E29F6F585001A0343 /* Book Watch */,
				ACC3A95529F6F586001A0343 /* Book WatchTests */,
				ACC3A95F29F6F586001A0343 /* Book WatchUITests */,
				ACC3A93D29F6F585001A0343 /* Products */,
			);
			sourceTree = "<group>";
		};
		ACC3A93D29F6F585001A0343 /* Products */ = {
			isa = PBXGroup;
			children = (
				ACC3A93C29F6F585001A0343 /* Book Watch.app */,
				ACC3A95229F6F586001A0343 /* Book WatchTests.xctest */,
				ACC3A95C29F6F586001A0343 /* Book WatchUITests.xctest */,
			);
			name = Products;
			sourceTree = "<group>";
		};
		ACC3A93E29F6F585001A0343 /* Book Watch */ = {
			isa = PBXGroup;
			children = (
				AC5D304629FACFB300FFAFC1 /* books.json */,
				ACE0C9AB29F836AA0090E7D2 /* SignUpViewController.swift */,
				ACC3A93F29F6F585001A0343 /* AppDelegate.swift */,
				ACC3A94129F6F585001A0343 /* SceneDelegate.swift */,
				ACC3A94329F6F585001A0343 /* LoginViewController.swift */,
				ACC3A94529F6F585001A0343 /* Main.storyboard */,
				ACC3A94829F6F586001A0343 /* Assets.xcassets */,
				ACC3A94A29F6F586001A0343 /* LaunchScreen.storyboard */,
				ACC3A94D29F6F586001A0343 /* Info.plist */,
				ACE0C9AD29F83B1B0090E7D2 /* GoogleService-Info.plist */,
				AC5D304829FAD03A00FFAFC1 /* HomeScreenViewController.swift */,
				ACF94AC329FC1D9600E6674A /* BookTableViewCell.swift */,
				ACF94AC529FC2CA200E6674A /* BookData.swift */,
			);
			path = "Book Watch";
			sourceTree = "<group>";
		};
		ACC3A95529F6F586001A0343 /* Book WatchTests */ = {
			isa = PBXGroup;
			children = (
				ACC3A95629F6F586001A0343 /* Book_WatchTests.swift */,
			);
			path = "Book WatchTests";
			sourceTree = "<group>";
		};
		ACC3A95F29F6F586001A0343 /* Book WatchUITests */ = {
			isa = PBXGroup;
			children = (
				ACC3A96029F6F586001A0343 /* Book_WatchUITests.swift */,
				ACC3A96229F6F586001A0343 /* Book_WatchUITestsLaunchTests.swift */,
			);
			path = "Book WatchUITests";
			sourceTree = "<group>";
		};
/* End PBXGroup section */

/* Begin PBXNativeTarget section */
		ACC3A93B29F6F585001A0343 /* Book Watch */ = {
			isa = PBXNativeTarget;
			buildConfigurationList = ACC3A96629F6F586001A0343 /* Build configuration list for PBXNativeTarget "Book Watch" */;
			buildPhases = (
				ACC3A93829F6F585001A0343 /* Sources */,
				ACC3A93929F6F585001A0343 /* Frameworks */,
				ACC3A93A29F6F585001A0343 /* Resources */,
			);
			buildRules = (
			);
			dependencies = (
			);
			name = "Book Watch";
			packageProductDependencies = (
				ACE0C9B229F83C530090E7D2 /* FirebaseAuth */,
				ACE0C9B429F83C530090E7D2 /* FirebaseAuthCombine-Community */,
				ACE0C9B629F83C530090E7D2 /* FirebaseDatabase */,
				ACE0C9B829F83C530090E7D2 /* FirebaseDatabaseSwift */,
				ACE0C9BA29F83C530090E7D2 /* FirebaseStorage */,
				ACE0C9BC29F83C530090E7D2 /* FirebaseStorageCombine-Community */,
			);
			productName = "Book Watch";
			productReference = ACC3A93C29F6F585001A0343 /* Book Watch.app */;
			productType = "com.apple.product-type.application";
		};
		ACC3A95129F6F586001A0343 /* Book WatchTests */ = {
			isa = PBXNativeTarget;
			buildConfigurationList = ACC3A96929F6F586001A0343 /* Build configuration list for PBXNativeTarget "Book WatchTests" */;
			buildPhases = (
				ACC3A94E29F6F586001A0343 /* Sources */,
				ACC3A94F29F6F586001A0343 /* Frameworks */,
				ACC3A95029F6F586001A0343 /* Resources */,
			);
			buildRules = (
			);
			dependencies = (
				ACC3A95429F6F586001A0343 /* PBXTargetDependency */,
			);
			name = "Book WatchTests";
			productName = "Book WatchTests";
			productReference = ACC3A95229F6F586001A0343 /* Book WatchTests.xctest */;
			productType = "com.apple.product-type.bundle.unit-test";
		};
		ACC3A95B29F6F586001A0343 /* Book WatchUITests */ = {
			isa = PBXNativeTarget;
			buildConfigurationList = ACC3A96C29F6F586001A0343 /* Build configuration list for PBXNativeTarget "Book WatchUITests" */;
			buildPhases = (
				ACC3A95829F6F586001A0343 /* Sources */,
				ACC3A95929F6F586001A0343 /* Frameworks */,
				ACC3A95A29F6F586001A0343 /* Resources */,
			);
			buildRules = (
			);
			dependencies = (
				ACC3A95E29F6F586001A0343 /* PBXTargetDependency */,
			);
			name = "Book WatchUITests";
			productName = "Book WatchUITests";
			productReference = ACC3A95C29F6F586001A0343 /* Book WatchUITests.xctest */;
			productType = "com.apple.product-type.bundle.ui-testing";
		};
/* End PBXNativeTarget section */

/* Begin PBXProject section */
		ACC3A93429F6F585001A0343 /* Project object */ = {
			isa = PBXProject;
			attributes = {
				BuildIndependentTargetsInParallel = 1;
				LastSwiftUpdateCheck = 1420;
				LastUpgradeCheck = 1420;
				TargetAttributes = {
					ACC3A93B29F6F585001A0343 = {
						CreatedOnToolsVersion = 14.2;
					};
					ACC3A95129F6F586001A0343 = {
						CreatedOnToolsVersion = 14.2;
						TestTargetID = ACC3A93B29F6F585001A0343;
					};
					ACC3A95B29F6F586001A0343 = {
						CreatedOnToolsVersion = 14.2;
						TestTargetID = ACC3A93B29F6F585001A0343;
					};
				};
			};
			buildConfigurationList = ACC3A93729F6F585001A0343 /* Build configuration list for PBXProject "Book Watch" */;
			compatibilityVersion = "Xcode 14.0";
			developmentRegion = en;
			hasScannedForEncodings = 0;
			knownRegions = (
				en,
				Base,
			);
			mainGroup = ACC3A93329F6F585001A0343;
			packageReferences = (
				ACE0C9B129F83C530090E7D2 /* XCRemoteSwiftPackageReference "firebase-ios-sdk" */,
			);
			productRefGroup = ACC3A93D29F6F585001A0343 /* Products */;
			projectDirPath = "";
			projectRoot = "";
			targets = (
				ACC3A93B29F6F585001A0343 /* Book Watch */,
				ACC3A95129F6F586001A0343 /* Book WatchTests */,
				ACC3A95B29F6F586001A0343 /* Book WatchUITests */,
			);
		};
/* End PBXProject section */

/* Begin PBXResourcesBuildPhase section */
		ACC3A93A29F6F585001A0343 /* Resources */ = {
			isa = PBXResourcesBuildPhase;
			buildActionMask = 2147483647;
			files = (
				AC5D304729FACFB300FFAFC1 /* books.json in Resources */,
				ACC3A94C29F6F586001A0343 /* LaunchScreen.storyboard in Resources */,
				ACE0C9AE29F83B1B0090E7D2 /* GoogleService-Info.plist in Resources */,
				ACC3A94929F6F586001A0343 /* Assets.xcassets in Resources */,
				ACC3A94729F6F585001A0343 /* Main.storyboard in Resources */,
			);
			runOnlyForDeploymentPostprocessing = 0;
		};
		ACC3A95029F6F586001A0343 /* Resources */ = {
			isa = PBXResourcesBuildPhase;
			buildActionMask = 2147483647;
			files = (
				ACE0C9AF29F83B1B0090E7D2 /* GoogleService-Info.plist in Resources */,
			);
			runOnlyForDeploymentPostprocessing = 0;
		};
		ACC3A95A29F6F586001A0343 /* Resources */ = {
			isa = PBXResourcesBuildPhase;
			buildActionMask = 2147483647;
			files = (
				ACE0C9B029F83B1B0090E7D2 /* GoogleService-Info.plist in Resources */,
			);
			runOnlyForDeploymentPostprocessing = 0;
		};
/* End PBXResourcesBuildPhase section */

/* Begin PBXSourcesBuildPhase section */
		ACC3A93829F6F585001A0343 /* Sources */ = {
			isa = PBXSourcesBuildPhase;
			buildActionMask = 2147483647;
			files = (
				ACC3A94429F6F585001A0343 /* LoginViewController.swift in Sources */,
				ACF94AC629FC2CA200E6674A /* BookData.swift in Sources */,
				ACC3A94029F6F585001A0343 /* AppDelegate.swift in Sources */,
				ACE0C9AC29F836AA0090E7D2 /* SignUpViewController.swift in Sources */,
				ACC3A94229F6F585001A0343 /* SceneDelegate.swift in Sources */,
				ACF94AC429FC1D9600E6674A /* BookTableViewCell.swift in Sources */,
				AC5D304929FAD03A00FFAFC1 /* HomeScreenViewController.swift in Sources */,
			);
			runOnlyForDeploymentPostprocessing = 0;
		};
		ACC3A94E29F6F586001A0343 /* Sources */ = {
			isa = PBXSourcesBuildPhase;
			buildActionMask = 2147483647;
			files = (
				ACC3A95729F6F586001A0343 /* Book_WatchTests.swift in Sources */,
			);
			runOnlyForDeploymentPostprocessing = 0;
		};
		ACC3A95829F6F586001A0343 /* Sources */ = {
			isa = PBXSourcesBuildPhase;
			buildActionMask = 2147483647;
			files = (
				ACC3A96129F6F586001A0343 /* Book_WatchUITests.swift in Sources */,
				ACC3A96329F6F586001A0343 /* Book_WatchUITestsLaunchTests.swift in Sources */,
			);
			runOnlyForDeploymentPostprocessing = 0;
		};
/* End PBXSourcesBuildPhase section */

/* Begin PBXTargetDependency section */
		ACC3A95429F6F586001A0343 /* PBXTargetDependency */ = {
			isa = PBXTargetDependency;
			target = ACC3A93B29F6F585001A0343 /* Book Watch */;
			targetProxy = ACC3A95329F6F586001A0343 /* PBXContainerItemProxy */;
		};
		ACC3A95E29F6F586001A0343 /* PBXTargetDependency */ = {
			isa = PBXTargetDependency;
			target = ACC3A93B29F6F585001A0343 /* Book Watch */;
			targetProxy = ACC3A95D29F6F586001A0343 /* PBXContainerItemProxy */;
		};
/* End PBXTargetDependency section */

/* Begin PBXVariantGroup section */
		ACC3A94529F6F585001A0343 /* Main.storyboard */ = {
			isa = PBXVariantGroup;
			children = (
				ACC3A94629F6F585001A0343 /* Base */,
			);
			name = Main.storyboard;
			sourceTree = "<group>";
		};
		ACC3A94A29F6F586001A0343 /* LaunchScreen.storyboard */ = {
			isa = PBXVariantGroup;
			children = (
				ACC3A94B29F6F586001A0343 /* Base */,
			);
			name = LaunchScreen.storyboard;
			sourceTree = "<group>";
		};
/* End PBXVariantGroup section */

/* Begin XCBuildConfiguration section */
		ACC3A96429F6F586001A0343 /* Debug */ = {
			isa = XCBuildConfiguration;
			buildSettings = {
				ALWAYS_SEARCH_USER_PATHS = NO;
				CLANG_ANALYZER_NONNULL = YES;
				CLANG_ANALYZER_NUMBER_OBJECT_CONVERSION = YES_AGGRESSIVE;
				CLANG_CXX_LANGUAGE_STANDARD = "gnu++20";
				CLANG_ENABLE_MODULES = YES;
				CLANG_ENABLE_OBJC_ARC = YES;
				CLANG_ENABLE_OBJC_WEAK = YES;
				CLANG_WARN_BLOCK_CAPTURE_AUTORELEASING = YES;
				CLANG_WARN_BOOL_CONVERSION = YES;
				CLANG_WARN_COMMA = YES;
				CLANG_WARN_CONSTANT_CONVERSION = YES;
				CLANG_WARN_DEPRECATED_OBJC_IMPLEMENTATIONS = YES;
				CLANG_WARN_DIRECT_OBJC_ISA_USAGE = YES_ERROR;
				CLANG_WARN_DOCUMENTATION_COMMENTS = YES;
				CLANG_WARN_EMPTY_BODY = YES;
				CLANG_WARN_ENUM_CONVERSION = YES;
				CLANG_WARN_INFINITE_RECURSION = YES;
				CLANG_WARN_INT_CONVERSION = YES;
				CLANG_WARN_NON_LITERAL_NULL_CONVERSION = YES;
				CLANG_WARN_OBJC_IMPLICIT_RETAIN_SELF = YES;
				CLANG_WARN_OBJC_LITERAL_CONVERSION = YES;
				CLANG_WARN_OBJC_ROOT_CLASS = YES_ERROR;
				CLANG_WARN_QUOTED_INCLUDE_IN_FRAMEWORK_HEADER = YES;
				CLANG_WARN_RANGE_LOOP_ANALYSIS = YES;
				CLANG_WARN_STRICT_PROTOTYPES = YES;
				CLANG_WARN_SUSPICIOUS_MOVE = YES;
				CLANG_WARN_UNGUARDED_AVAILABILITY = YES_AGGRESSIVE;
				CLANG_WARN_UNREACHABLE_CODE = YES;
				CLANG_WARN__DUPLICATE_METHOD_MATCH = YES;
				COPY_PHASE_STRIP = NO;
				DEBUG_INFORMATION_FORMAT = dwarf;
				ENABLE_STRICT_OBJC_MSGSEND = YES;
				ENABLE_TESTABILITY = YES;
				GCC_C_LANGUAGE_STANDARD = gnu11;
				GCC_DYNAMIC_NO_PIC = NO;
				GCC_NO_COMMON_BLOCKS = YES;
				GCC_OPTIMIZATION_LEVEL = 0;
				GCC_PREPROCESSOR_DEFINITIONS = (
					"DEBUG=1",
					"$(inherited)",
				);
				GCC_WARN_64_TO_32_BIT_CONVERSION = YES;
				GCC_WARN_ABOUT_RETURN_TYPE = YES_ERROR;
				GCC_WARN_UNDECLARED_SELECTOR = YES;
				GCC_WARN_UNINITIALIZED_AUTOS = YES_AGGRESSIVE;
				GCC_WARN_UNUSED_FUNCTION = YES;
				GCC_WARN_UNUSED_VARIABLE = YES;
				IPHONEOS_DEPLOYMENT_TARGET = 16.2;
				MTL_ENABLE_DEBUG_INFO = INCLUDE_SOURCE;
				MTL_FAST_MATH = YES;
				ONLY_ACTIVE_ARCH = YES;
				SDKROOT = iphoneos;
				SWIFT_ACTIVE_COMPILATION_CONDITIONS = DEBUG;
				SWIFT_OPTIMIZATION_LEVEL = "-Onone";
			};
			name = Debug;
		};
		ACC3A96529F6F586001A0343 /* Release */ = {
			isa = XCBuildConfiguration;
			buildSettings = {
				ALWAYS_SEARCH_USER_PATHS = NO;
				CLANG_ANALYZER_NONNULL = YES;
				CLANG_ANALYZER_NUMBER_OBJECT_CONVERSION = YES_AGGRESSIVE;
				CLANG_CXX_LANGUAGE_STANDARD = "gnu++20";
				CLANG_ENABLE_MODULES = YES;
				CLANG_ENABLE_OBJC_ARC = YES;
				CLANG_ENABLE_OBJC_WEAK = YES;
				CLANG_WARN_BLOCK_CAPTURE_AUTORELEASING = YES;
				CLANG_WARN_BOOL_CONVERSION = YES;
				CLANG_WARN_COMMA = YES;
				CLANG_WARN_CONSTANT_CONVERSION = YES;
				CLANG_WARN_DEPRECATED_OBJC_IMPLEMENTATIONS = YES;
				CLANG_WARN_DIRECT_OBJC_ISA_USAGE = YES_ERROR;
				CLANG_WARN_DOCUMENTATION_COMMENTS = YES;
				CLANG_WARN_EMPTY_BODY = YES;
				CLANG_WARN_ENUM_CONVERSION = YES;
				CLANG_WARN_INFINITE_RECURSION = YES;
				CLANG_WARN_INT_CONVERSION = YES;
				CLANG_WARN_NON_LITERAL_NULL_CONVERSION = YES;
				CLANG_WARN_OBJC_IMPLICIT_RETAIN_SELF = YES;
				CLANG_WARN_OBJC_LITERAL_CONVERSION = YES;
				CLANG_WARN_OBJC_ROOT_CLASS = YES_ERROR;
				CLANG_WARN_QUOTED_INCLUDE_IN_FRAMEWORK_HEADER = YES;
				CLANG_WARN_RANGE_LOOP_ANALYSIS = YES;
				CLANG_WARN_STRICT_PROTOTYPES = YES;
				CLANG_WARN_SUSPICIOUS_MOVE = YES;
				CLANG_WARN_UNGUARDED_AVAILABILITY = YES_AGGRESSIVE;
				CLANG_WARN_UNREACHABLE_CODE = YES;
				CLANG_WARN__DUPLICATE_METHOD_MATCH = YES;
				COPY_PHASE_STRIP = NO;
				DEBUG_INFORMATION_FORMAT = "dwarf-with-dsym";
				ENABLE_NS_ASSERTIONS = NO;
				ENABLE_STRICT_OBJC_MSGSEND = YES;
				GCC_C_LANGUAGE_STANDARD = gnu11;
				GCC_NO_COMMON_BLOCKS = YES;
				GCC_WARN_64_TO_32_BIT_CONVERSION = YES;
				GCC_WARN_ABOUT_RETURN_TYPE = YES_ERROR;
				GCC_WARN_UNDECLARED_SELECTOR = YES;
				GCC_WARN_UNINITIALIZED_AUTOS = YES_AGGRESSIVE;
				GCC_WARN_UNUSED_FUNCTION = YES;
				GCC_WARN_UNUSED_VARIABLE = YES;
				IPHONEOS_DEPLOYMENT_TARGET = 16.2;
				MTL_ENABLE_DEBUG_INFO = NO;
				MTL_FAST_MATH = YES;
				SDKROOT = iphoneos;
				SWIFT_COMPILATION_MODE = wholemodule;
				SWIFT_OPTIMIZATION_LEVEL = "-O";
				VALIDATE_PRODUCT = YES;
			};
			name = Release;
		};
		ACC3A96729F6F586001A0343 /* Debug */ = {
			isa = XCBuildConfiguration;
			buildSettings = {
				ASSETCATALOG_COMPILER_APPICON_NAME = AppIcon;
				ASSETCATALOG_COMPILER_GLOBAL_ACCENT_COLOR_NAME = AccentColor;
				CODE_SIGN_STYLE = Automatic;
				CURRENT_PROJECT_VERSION = 1;
				GENERATE_INFOPLIST_FILE = YES;
				INFOPLIST_FILE = "Book Watch/Info.plist";
				INFOPLIST_KEY_UIApplicationSupportsIndirectInputEvents = YES;
				INFOPLIST_KEY_UILaunchStoryboardName = LaunchScreen;
				INFOPLIST_KEY_UIMainStoryboardFile = Main;
				INFOPLIST_KEY_UISupportedInterfaceOrientations_iPad = "UIInterfaceOrientationPortrait UIInterfaceOrientationPortraitUpsideDown UIInterfaceOrientationLandscapeLeft UIInterfaceOrientationLandscapeRight";
				INFOPLIST_KEY_UISupportedInterfaceOrientations_iPhone = "UIInterfaceOrientationPortrait UIInterfaceOrientationLandscapeLeft UIInterfaceOrientationLandscapeRight";
				LD_RUNPATH_SEARCH_PATHS = (
					"$(inherited)",
					"@executable_path/Frameworks",
				);
				MARKETING_VERSION = 1.0;
				PRODUCT_BUNDLE_IDENTIFIER = "Davonte-Littleton.Book-Watch";
				PRODUCT_NAME = "$(TARGET_NAME)";
				SWIFT_EMIT_LOC_STRINGS = YES;
				SWIFT_VERSION = 5.0;
				TARGETED_DEVICE_FAMILY = "1,2";
			};
			name = Debug;
		};
		ACC3A96829F6F586001A0343 /* Release */ = {
			isa = XCBuildConfiguration;
			buildSettings = {
				ASSETCATALOG_COMPILER_APPICON_NAME = AppIcon;
				ASSETCATALOG_COMPILER_GLOBAL_ACCENT_COLOR_NAME = AccentColor;
				CODE_SIGN_STYLE = Automatic;
				CURRENT_PROJECT_VERSION = 1;
				GENERATE_INFOPLIST_FILE = YES;
				INFOPLIST_FILE = "Book Watch/Info.plist";
				INFOPLIST_KEY_UIApplicationSupportsIndirectInputEvents = YES;
				INFOPLIST_KEY_UILaunchStoryboardName = LaunchScreen;
				INFOPLIST_KEY_UIMainStoryboardFile = Main;
				INFOPLIST_KEY_UISupportedInterfaceOrientations_iPad = "UIInterfaceOrientationPortrait UIInterfaceOrientationPortraitUpsideDown UIInterfaceOrientationLandscapeLeft UIInterfaceOrientationLandscapeRight";
				INFOPLIST_KEY_UISupportedInterfaceOrientations_iPhone = "UIInterfaceOrientationPortrait UIInterfaceOrientationLandscapeLeft UIInterfaceOrientationLandscapeRight";
				LD_RUNPATH_SEARCH_PATHS = (
					"$(inherited)",
					"@executable_path/Frameworks",
				);
				MARKETING_VERSION = 1.0;
				PRODUCT_BUNDLE_IDENTIFIER = "Davonte-Littleton.Book-Watch";
				PRODUCT_NAME = "$(TARGET_NAME)";
				SWIFT_EMIT_LOC_STRINGS = YES;
				SWIFT_VERSION = 5.0;
				TARGETED_DEVICE_FAMILY = "1,2";
			};
			name = Release;
		};
		ACC3A96A29F6F586001A0343 /* Debug */ = {
			isa = XCBuildConfiguration;
			buildSettings = {
				ALWAYS_EMBED_SWIFT_STANDARD_LIBRARIES = YES;
				BUNDLE_LOADER = "$(TEST_HOST)";
				CODE_SIGN_STYLE = Automatic;
				CURRENT_PROJECT_VERSION = 1;
				GENERATE_INFOPLIST_FILE = YES;
				IPHONEOS_DEPLOYMENT_TARGET = 16.2;
				MARKETING_VERSION = 1.0;
				PRODUCT_BUNDLE_IDENTIFIER = "Davonte-Littleton.Book-WatchTests";
				PRODUCT_NAME = "$(TARGET_NAME)";
				SWIFT_EMIT_LOC_STRINGS = NO;
				SWIFT_VERSION = 5.0;
				TARGETED_DEVICE_FAMILY = "1,2";
				TEST_HOST = "$(BUILT_PRODUCTS_DIR)/Book Watch.app/$(BUNDLE_EXECUTABLE_FOLDER_PATH)/Book Watch";
			};
			name = Debug;
		};
		ACC3A96B29F6F586001A0343 /* Release */ = {
			isa = XCBuildConfiguration;
			buildSettings = {
				ALWAYS_EMBED_SWIFT_STANDARD_LIBRARIES = YES;
				BUNDLE_LOADER = "$(TEST_HOST)";
				CODE_SIGN_STYLE = Automatic;
				CURRENT_PROJECT_VERSION = 1;
				GENERATE_INFOPLIST_FILE = YES;
				IPHONEOS_DEPLOYMENT_TARGET = 16.2;
				MARKETING_VERSION = 1.0;
				PRODUCT_BUNDLE_IDENTIFIER = "Davonte-Littleton.Book-WatchTests";
				PRODUCT_NAME = "$(TARGET_NAME)";
				SWIFT_EMIT_LOC_STRINGS = NO;
				SWIFT_VERSION = 5.0;
				TARGETED_DEVICE_FAMILY = "1,2";
				TEST_HOST = "$(BUILT_PRODUCTS_DIR)/Book Watch.app/$(BUNDLE_EXECUTABLE_FOLDER_PATH)/Book Watch";
			};
			name = Release;
		};
		ACC3A96D29F6F586001A0343 /* Debug */ = {
			isa = XCBuildConfiguration;
			buildSettings = {
				ALWAYS_EMBED_SWIFT_STANDARD_LIBRARIES = YES;
				CODE_SIGN_STYLE = Automatic;
				CURRENT_PROJECT_VERSION = 1;
				GENERATE_INFOPLIST_FILE = YES;
				MARKETING_VERSION = 1.0;
				PRODUCT_BUNDLE_IDENTIFIER = "Davonte-Littleton.Book-WatchUITests";
				PRODUCT_NAME = "$(TARGET_NAME)";
				SWIFT_EMIT_LOC_STRINGS = NO;
				SWIFT_VERSION = 5.0;
				TARGETED_DEVICE_FAMILY = "1,2";
				TEST_TARGET_NAME = "Book Watch";
			};
			name = Debug;
		};
		ACC3A96E29F6F586001A0343 /* Release */ = {
			isa = XCBuildConfiguration;
			buildSettings = {
				ALWAYS_EMBED_SWIFT_STANDARD_LIBRARIES = YES;
				CODE_SIGN_STYLE = Automatic;
				CURRENT_PROJECT_VERSION = 1;
				GENERATE_INFOPLIST_FILE = YES;
				MARKETING_VERSION = 1.0;
				PRODUCT_BUNDLE_IDENTIFIER = "Davonte-Littleton.Book-WatchUITests";
				PRODUCT_NAME = "$(TARGET_NAME)";
				SWIFT_EMIT_LOC_STRINGS = NO;
				SWIFT_VERSION = 5.0;
				TARGETED_DEVICE_FAMILY = "1,2";
				TEST_TARGET_NAME = "Book Watch";
			};
			name = Release;
		};
/* End XCBuildConfiguration section */

/* Begin XCConfigurationList section */
		ACC3A93729F6F585001A0343 /* Build configuration list for PBXProject "Book Watch" */ = {
			isa = XCConfigurationList;
			buildConfigurations = (
				ACC3A96429F6F586001A0343 /* Debug */,
				ACC3A96529F6F586001A0343 /* Release */,
			);
			defaultConfigurationIsVisible = 0;
			defaultConfigurationName = Release;
		};
		ACC3A96629F6F586001A0343 /* Build configuration list for PBXNativeTarget "Book Watch" */ = {
			isa = XCConfigurationList;
			buildConfigurations = (
				ACC3A96729F6F586001A0343 /* Debug */,
				ACC3A96829F6F586001A0343 /* Release */,
			);
			defaultConfigurationIsVisible = 0;
			defaultConfigurationName = Release;
		};
		ACC3A96929F6F586001A0343 /* Build configuration list for PBXNativeTarget "Book WatchTests" */ = {
			isa = XCConfigurationList;
			buildConfigurations = (
				ACC3A96A29F6F586001A0343 /* Debug */,
				ACC3A96B29F6F586001A0343 /* Release */,
			);
			defaultConfigurationIsVisible = 0;
			defaultConfigurationName = Release;
		};
		ACC3A96C29F6F586001A0343 /* Build configuration list for PBXNativeTarget "Book WatchUITests" */ = {
			isa = XCConfigurationList;
			buildConfigurations = (
				ACC3A96D29F6F586001A0343 /* Debug */,
				ACC3A96E29F6F586001A0343 /* Release */,
			);
			defaultConfigurationIsVisible = 0;
			defaultConfigurationName = Release;
		};
/* End XCConfigurationList section */

/* Begin XCRemoteSwiftPackageReference section */
		ACE0C9B129F83C530090E7D2 /* XCRemoteSwiftPackageReference "firebase-ios-sdk" */ = {
			isa = XCRemoteSwiftPackageReference;
			repositoryURL = "https://github.com/firebase/firebase-ios-sdk";
			requirement = {
				kind = upToNextMajorVersion;
				minimumVersion = 9.0.0;
			};
		};
/* End XCRemoteSwiftPackageReference section */

/* Begin XCSwiftPackageProductDependency section */
		ACE0C9B229F83C530090E7D2 /* FirebaseAuth */ = {
			isa = XCSwiftPackageProductDependency;
			package = ACE0C9B129F83C530090E7D2 /* XCRemoteSwiftPackageReference "firebase-ios-sdk" */;
			productName = FirebaseAuth;
		};
		ACE0C9B429F83C530090E7D2 /* FirebaseAuthCombine-Community */ = {
			isa = XCSwiftPackageProductDependency;
			package = ACE0C9B129F83C530090E7D2 /* XCRemoteSwiftPackageReference "firebase-ios-sdk" */;
			productName = "FirebaseAuthCombine-Community";
		};
		ACE0C9B629F83C530090E7D2 /* FirebaseDatabase */ = {
			isa = XCSwiftPackageProductDependency;
			package = ACE0C9B129F83C530090E7D2 /* XCRemoteSwiftPackageReference "firebase-ios-sdk" */;
			productName = FirebaseDatabase;
		};
		ACE0C9B829F83C530090E7D2 /* FirebaseDatabaseSwift */ = {
			isa = XCSwiftPackageProductDependency;
			package = ACE0C9B129F83C530090E7D2 /* XCRemoteSwiftPackageReference "firebase-ios-sdk" */;
			productName = FirebaseDatabaseSwift;
		};
		ACE0C9BA29F83C530090E7D2 /* FirebaseStorage */ = {
			isa = XCSwiftPackageProductDependency;
			package = ACE0C9B129F83C530090E7D2 /* XCRemoteSwiftPackageReference "firebase-ios-sdk" */;
			productName = FirebaseStorage;
		};
		ACE0C9BC29F83C530090E7D2 /* FirebaseStorageCombine-Community */ = {
			isa = XCSwiftPackageProductDependency;
			package = ACE0C9B129F83C530090E7D2 /* XCRemoteSwiftPackageReference "firebase-ios-sdk" */;
			productName = "FirebaseStorageCombine-Community";
		};
/* End XCSwiftPackageProductDependency section */
	};
	rootObject = ACC3A93429F6F585001A0343 /* Project object */;
}
